{
  "name": "@semyonfox/seol",
  "version": "3.0.0",
  "lockfileVersion": 3,
  "requires": true,
  "packages": {
    "": {
      "name": "@semyonfox/seol",
      "version": "3.0.0",
      "license": "MIT",
      "bin": {
        "seol": "scripts/seol.js"
      },
      "engines": {
        "node": ">=18"
      }
    }
  }
}
